
Microsoft Visual Studio Solution File, Format Version 12.00
# Visual Studio Version 16
VisualStudioVersion = 16.0.31702.278
MinimumVisualStudioVersion = 10.0.40219.1
Project("{9A19103F-16F7-4668-BE54-9A1E7A4F7556}") = "ConsoleApp1", "ConsoleApp1.csproj", "{FECA73AB-BFE2-4AA6-AFF9-2ACC7F1DBC99}"
	ProjectSection(ProjectDependencies) = postProject
		{4EB76BDF-2001-4A4D-97F1-7FFDF15A750E} = {4EB76BDF-2001-4A4D-97F1-7FFDF15A750E}
	EndProjectSection
EndProject
Project("{9A19103F-16F7-4668-BE54-9A1E7A4F7556}") = "Homework1", "..\Homework1\Homework1.csproj", "{5249D6A8-BBAD-4FF2-89BB-61221D58DE53}"
EndProject
Project("{9A19103F-16F7-4668-BE54-9A1E7A4F7556}") = "Homework2", "..\Homework2\Homework2.csproj", "{E34FDE17-F05B-450F-B6AA-8EFB358912E2}"
EndProject
Project("{9A19103F-16F7-4668-BE54-9A1E7A4F7556}") = "Homework3", "..\Homework3\Homework3.csproj", "{37647827-F283-4985-9588-2607EDDE6160}"
EndProject
Project("{9A19103F-16F7-4668-BE54-9A1E7A4F7556}") = "Homework4", "..\Homework4\Homework4.csproj", "{A62875A2-09DE-43EE-81C4-B4ECF973676F}"
EndProject
Project("{FAE04EC0-301F-11D3-BF4B-00C04F79EFBC}") = "Homework5", "..\Homework5\Homework5.csproj", "{4EB76BDF-2001-4A4D-97F1-7FFDF15A750E}"
EndProject
Global
	GlobalSection(SolutionConfigurationPlatforms) = preSolution
		Debug|Any CPU = Debug|Any CPU
		Release|Any CPU = Release|Any CPU
	EndGlobalSection
	GlobalSection(ProjectConfigurationPlatforms) = postSolution
		{FECA73AB-BFE2-4AA6-AFF9-2ACC7F1DBC99}.Debug|Any CPU.ActiveCfg = Debug|Any CPU
		{FECA73AB-BFE2-4AA6-AFF9-2ACC7F1DBC99}.Debug|Any CPU.Build.0 = Debug|Any CPU
		{FECA73AB-BFE2-4AA6-AFF9-2ACC7F1DBC99}.Release|Any CPU.ActiveCfg = Release|Any CPU
		{FECA73AB-BFE2-4AA6-AFF9-2ACC7F1DBC99}.Release|Any CPU.Build.0 = Release|Any CPU
		{5249D6A8-BBAD-4FF2-89BB-61221D58DE53}.Debug|Any CPU.ActiveCfg = Debug|Any CPU
		{5249D6A8-BBAD-4FF2-89BB-61221D58DE53}.Debug|Any CPU.Build.0 = Debug|Any CPU
		{5249D6A8-BBAD-4FF2-89BB-61221D58DE53}.Release|Any CPU.ActiveCfg = Release|Any CPU
		{5249D6A8-BBAD-4FF2-89BB-61221D58DE53}.Release|Any CPU.Build.0 = Release|Any CPU
		{E34FDE17-F05B-450F-B6AA-8EFB358912E2}.Debug|Any CPU.ActiveCfg = Debug|Any CPU
		{E34FDE17-F05B-450F-B6AA-8EFB358912E2}.Debug|Any CPU.Build.0 = Debug|Any CPU
		{E34FDE17-F05B-450F-B6AA-8EFB358912E2}.Release|Any CPU.ActiveCfg = Release|Any CPU
		{E34FDE17-F05B-450F-B6AA-8EFB358912E2}.Release|Any CPU.Build.0 = Release|Any CPU
		{37647827-F283-4985-9588-2607EDDE6160}.Debug|Any CPU.ActiveCfg = Debug|Any CPU
		{37647827-F283-4985-9588-2607EDDE6160}.Debug|Any CPU.Build.0 = Debug|Any CPU
		{37647827-F283-4985-9588-2607EDDE6160}.Release|Any CPU.ActiveCfg = Release|Any CPU
		{37647827-F283-4985-9588-2607EDDE6160}.Release|Any CPU.Build.0 = Release|Any CPU
		{A62875A2-09DE-43EE-81C4-B4ECF973676F}.Debug|Any CPU.ActiveCfg = Debug|Any CPU
		{A62875A2-09DE-43EE-81C4-B4ECF973676F}.Debug|Any CPU.Build.0 = Debug|Any CPU
		{A62875A2-09DE-43EE-81C4-B4ECF973676F}.Release|Any CPU.ActiveCfg = Release|Any CPU
		{A62875A2-09DE-43EE-81C4-B4ECF973676F}.Release|Any CPU.Build.0 = Release|Any CPU
		{4EB76BDF-2001-4A4D-97F1-7FFDF15A750E}.Debug|Any CPU.ActiveCfg = Debug|Any CPU
		{4EB76BDF-2001-4A4D-97F1-7FFDF15A750E}.Debug|Any CPU.Build.0 = Debug|Any CPU
		{4EB76BDF-2001-4A4D-97F1-7FFDF15A750E}.Release|Any CPU.ActiveCfg = Release|Any CPU
		{4EB76BDF-2001-4A4D-97F1-7FFDF15A750E}.Release|Any CPU.Build.0 = Release|Any CPU
	EndGlobalSection
	GlobalSection(SolutionProperties) = preSolution
		HideSolutionNode = FALSE
	EndGlobalSection
	GlobalSection(ExtensibilityGlobals) = postSolution
		SolutionGuid = {09ABC7FB-09D5-4C14-B17A-0D7337E2B802}
	EndGlobalSection
EndGlobal
